
Microsoft Visual Studio Solution File, Format Version 12.00
# Visual Studio 15
VisualStudioVersion = 15.0.26730.16
MinimumVisualStudioVersion = 10.0.40219.1
Project("{FAE04EC0-301F-11D3-BF4B-00C04F79EFBC}") = "HellowWorldSwapnaConsole", "HellowWorldSwapnaConsole\HellowWorldSwapnaConsole.csproj", "{1FE87826-26A3-4EA4-AEC2-055497930B3C}"
EndProject
Global
	GlobalSection(SolutionConfigurationPlatforms) = preSolution
		Debug|Any CPU = Debug|Any CPU
		Release|Any CPU = Release|Any CPU
	EndGlobalSection
	GlobalSection(ProjectConfigurationPlatforms) = postSolution
		{1FE87826-26A3-4EA4-AEC2-055497930B3C}.Debug|Any CPU.ActiveCfg = Debug|Any CPU
		{1FE87826-26A3-4EA4-AEC2-055497930B3C}.Debug|Any CPU.Build.0 = Debug|Any CPU
		{1FE87826-26A3-4EA4-AEC2-055497930B3C}.Release|Any CPU.ActiveCfg = Release|Any CPU
		{1FE87826-26A3-4EA4-AEC2-055497930B3C}.Release|Any CPU.Build.0 = Release|Any CPU
	EndGlobalSection
	GlobalSection(SolutionProperties) = preSolution
		HideSolutionNode = FALSE
	EndGlobalSection
	GlobalSection(ExtensibilityGlobals) = postSolution
		SolutionGuid = {36498DD3-DACD-4985-82AD-BF42EC077591}
	EndGlobalSection
EndGlobal
